// !$*UTF8*$!
{
	archiveVersion = 1;
	classes = {
	};
	objectVersion = 50;
	objects = {

/* Begin PBXBuildFile section */
		BF04B5A8224A489900ECB8E9 /* ZJNavigationController.m in Sources */ = {isa = PBXBuildFile; fileRef = BF04B598224A489900ECB8E9 /* ZJNavigationController.m */; };
		BF04B5A9224A489900ECB8E9 /* ZJTabBarController.m in Sources */ = {isa = PBXBuildFile; fileRef = BF04B59A224A489900ECB8E9 /* ZJTabBarController.m */; };
		BF04B5AA224A489900ECB8E9 /* AppDelegate.m in Sources */ = {isa = PBXBuildFile; fileRef = BF04B5A5224A489900ECB8E9 /* AppDelegate.m */; };
		BF04B5AB224A489900ECB8E9 /* main.m in Sources */ = {isa = PBXBuildFile; fileRef = BF04B5A7224A489900ECB8E9 /* main.m */; };
		BF04B5AE224A48E800ECB8E9 /* ZJMainViewController.m in Sources */ = {isa = PBXBuildFile; fileRef = BF04B5AD224A48E800ECB8E9 /* ZJMainViewController.m */; };
		BF04B5B1224A491700ECB8E9 /* ZJMineViewController.m in Sources */ = {isa = PBXBuildFile; fileRef = BF04B5B0224A491700ECB8E9 /* ZJMineViewController.m */; };
		BF04B5B4224A4A4C00ECB8E9 /* ZJJobsViewController.m in Sources */ = {isa = PBXBuildFile; fileRef = BF04B5B3224A4A4C00ECB8E9 /* ZJJobsViewController.m */; };
		BF04B5B7224A4B4A00ECB8E9 /* ZJMineTableViewCell.m in Sources */ = {isa = PBXBuildFile; fileRef = BF04B5B6224A4B4A00ECB8E9 /* ZJMineTableViewCell.m */; };
		BF04B5BA224A4B7600ECB8E9 /* ZJMineModel.m in Sources */ = {isa = PBXBuildFile; fileRef = BF04B5B8224A4B7600ECB8E9 /* ZJMineModel.m */; };
		BF04B5BC224A4B7F00ECB8E9 /* Mine.plist in Resources */ = {isa = PBXBuildFile; fileRef = BF04B5BB224A4B7F00ECB8E9 /* Mine.plist */; };
		BF04B5E4224A4C5B00ECB8E9 /* ZJHeaderView.m in Sources */ = {isa = PBXBuildFile; fileRef = BF04B5E3224A4C5B00ECB8E9 /* ZJHeaderView.m */; };
		BF04B610224A4E9100ECB8E9 /* ZJNewsViewController.m in Sources */ = {isa = PBXBuildFile; fileRef = BF04B60F224A4E9100ECB8E9 /* ZJNewsViewController.m */; };
		BF04B613224A597C00ECB8E9 /* ZJJobsView.m in Sources */ = {isa = PBXBuildFile; fileRef = BF04B612224A597C00ECB8E9 /* ZJJobsView.m */; };
		BF04B616224A5B2A00ECB8E9 /* ZJHomeJobsCell.m in Sources */ = {isa = PBXBuildFile; fileRef = BF04B615224A5B2A00ECB8E9 /* ZJHomeJobsCell.m */; };
		BF04B619224B61AE00ECB8E9 /* ZJHomeHeaderView.m in Sources */ = {isa = PBXBuildFile; fileRef = BF04B618224B61AE00ECB8E9 /* ZJHomeHeaderView.m */; };
		BF04B630224F90D200ECB8E9 /* ZJNewsModel.m in Sources */ = {isa = PBXBuildFile; fileRef = BF04B62F224F90D200ECB8E9 /* ZJNewsModel.m */; };
		BF04B632224F91CF00ECB8E9 /* news.plist in Resources */ = {isa = PBXBuildFile; fileRef = BF04B631224F91CF00ECB8E9 /* news.plist */; };
		BF04B639224F930200ECB8E9 /* ZJNewsCell.m in Sources */ = {isa = PBXBuildFile; fileRef = BF04B637224F930200ECB8E9 /* ZJNewsCell.m */; };
		BF04B63A224F930200ECB8E9 /* ZJNewsCell.xib in Resources */ = {isa = PBXBuildFile; fileRef = BF04B638224F930200ECB8E9 /* ZJNewsCell.xib */; };
		BF04B63C224FACEF00ECB8E9 /* jobs.plist in Resources */ = {isa = PBXBuildFile; fileRef = BF04B63B224FACEF00ECB8E9 /* jobs.plist */; };
		BF04B63F224FAD1800ECB8E9 /* ZJJobsModel.m in Sources */ = {isa = PBXBuildFile; fileRef = BF04B63E224FAD1700ECB8E9 /* ZJJobsModel.m */; };
		BF04B643224FADEC00ECB8E9 /* ZJJobsCell.m in Sources */ = {isa = PBXBuildFile; fileRef = BF04B641224FADEC00ECB8E9 /* ZJJobsCell.m */; };
		BF04B644224FADEC00ECB8E9 /* ZJJobsCell.xib in Resources */ = {isa = PBXBuildFile; fileRef = BF04B642224FADEC00ECB8E9 /* ZJJobsCell.xib */; };
		BF04B64722504C1C00ECB8E9 /* ZJJobHeadView.m in Sources */ = {isa = PBXBuildFile; fileRef = BF04B64622504C1C00ECB8E9 /* ZJJobHeadView.m */; };
		BF04B64A2250592100ECB8E9 /* ZJHomeNewsCell.m in Sources */ = {isa = PBXBuildFile; fileRef = BF04B6492250592100ECB8E9 /* ZJHomeNewsCell.m */; };
		BF04B64C22505B5C00ECB8E9 /* ZJHomeNewsCell.xib in Resources */ = {isa = PBXBuildFile; fileRef = BF04B64B22505B5C00ECB8E9 /* ZJHomeNewsCell.xib */; };
		BF04B6512250656000ECB8E9 /* ZJJobsSearchViewController.xib in Resources */ = {isa = PBXBuildFile; fileRef = BF04B6502250656000ECB8E9 /* ZJJobsSearchViewController.xib */; };
		BF04B6582250A1EA00ECB8E9 /* ZJJobsSearchViewController.m in Sources */ = {isa = PBXBuildFile; fileRef = BF04B6562250A1EA00ECB8E9 /* ZJJobsSearchViewController.m */; };
		BF04B65C2250AA3F00ECB8E9 /* ZJJobsSearchLabel.m in Sources */ = {isa = PBXBuildFile; fileRef = BF04B65B2250AA3F00ECB8E9 /* ZJJobsSearchLabel.m */; };
		BF2BE20D224A3DA400052C67 /* Assets.xcassets in Resources */ = {isa = PBXBuildFile; fileRef = BF2BE20C224A3DA400052C67 /* Assets.xcassets */; };
		BF2BE210224A3DA400052C67 /* LaunchScreen.storyboard in Resources */ = {isa = PBXBuildFile; fileRef = BF2BE20E224A3DA400052C67 /* LaunchScreen.storyboard */; };
		E2F5AA77AC18FD5D537BCE7B /* libPods-三创赛.a in Frameworks */ = {isa = PBXBuildFile; fileRef = 08D8C5C40FDFFA932365F2CD /* libPods-三创赛.a */; };
/* End PBXBuildFile section */

/* Begin PBXFileReference section */
		08D8C5C40FDFFA932365F2CD /* libPods-三创赛.a */ = {isa = PBXFileReference; explicitFileType = archive.ar; includeInIndex = 0; path = "libPods-三创赛.a"; sourceTree = BUILT_PRODUCTS_DIR; };
		2F99537D28B791D15FF40B9A /* Pods-三创赛.release.xcconfig */ = {isa = PBXFileReference; includeInIndex = 1; lastKnownFileType = text.xcconfig; name = "Pods-三创赛.release.xcconfig"; path = "Target Support Files/Pods-三创赛/Pods-三创赛.release.xcconfig"; sourceTree = "<group>"; };
		AD22D0C215A03BC8F8BCE330 /* Pods-三创赛.debug.xcconfig */ = {isa = PBXFileReference; includeInIndex = 1; lastKnownFileType = text.xcconfig; name = "Pods-三创赛.debug.xcconfig"; path = "Target Support Files/Pods-三创赛/Pods-三创赛.debug.xcconfig"; sourceTree = "<group>"; };
		BF04B597224A489900ECB8E9 /* ZJNavigationController.h */ = {isa = PBXFileReference; fileEncoding = 4; lastKnownFileType = sourcecode.c.h; path = ZJNavigationController.h; sourceTree = "<group>"; };
		BF04B598224A489900ECB8E9 /* ZJNavigationController.m */ = {isa = PBXFileReference; fileEncoding = 4; lastKnownFileType = sourcecode.c.objc; path = ZJNavigationController.m; sourceTree = "<group>"; };
		BF04B599224A489900ECB8E9 /* ZJTabBarController.h */ = {isa = PBXFileReference; fileEncoding = 4; lastKnownFileType = sourcecode.c.h; path = ZJTabBarController.h; sourceTree = "<group>"; };
		BF04B59A224A489900ECB8E9 /* ZJTabBarController.m */ = {isa = PBXFileReference; fileEncoding = 4; lastKnownFileType = sourcecode.c.objc; path = ZJTabBarController.m; sourceTree = "<group>"; };
		BF04B5A4224A489900ECB8E9 /* AppDelegate.h */ = {isa = PBXFileReference; fileEncoding = 4; lastKnownFileType = sourcecode.c.h; path = AppDelegate.h; sourceTree = "<group>"; };
		BF04B5A5224A489900ECB8E9 /* AppDelegate.m */ = {isa = PBXFileReference; fileEncoding = 4; lastKnownFileType = sourcecode.c.objc; path = AppDelegate.m; sourceTree = "<group>"; };
		BF04B5A7224A489900ECB8E9 /* main.m */ = {isa = PBXFileReference; fileEncoding = 4; lastKnownFileType = sourcecode.c.objc; path = main.m; sourceTree = "<group>"; };
		BF04B5AC224A48E800ECB8E9 /* ZJMainViewController.h */ = {isa = PBXFileReference; fileEncoding = 4; lastKnownFileType = sourcecode.c.h; path = ZJMainViewController.h; sourceTree = "<group>"; };
		BF04B5AD224A48E800ECB8E9 /* ZJMainViewController.m */ = {isa = PBXFileReference; fileEncoding = 4; lastKnownFileType = sourcecode.c.objc; path = ZJMainViewController.m; sourceTree = "<group>"; };
		BF04B5AF224A491700ECB8E9 /* ZJMineViewController.h */ = {isa = PBXFileReference; fileEncoding = 4; lastKnownFileType = sourcecode.c.h; path = ZJMineViewController.h; sourceTree = "<group>"; };
		BF04B5B0224A491700ECB8E9 /* ZJMineViewController.m */ = {isa = PBXFileReference; fileEncoding = 4; lastKnownFileType = sourcecode.c.objc; path = ZJMineViewController.m; sourceTree = "<group>"; };
		BF04B5B2224A4A4C00ECB8E9 /* ZJJobsViewController.h */ = {isa = PBXFileReference; lastKnownFileType = sourcecode.c.h; path = ZJJobsViewController.h; sourceTree = "<group>"; };
		BF04B5B3224A4A4C00ECB8E9 /* ZJJobsViewController.m */ = {isa = PBXFileReference; lastKnownFileType = sourcecode.c.objc; path = ZJJobsViewController.m; sourceTree = "<group>"; };
		BF04B5B5224A4B4A00ECB8E9 /* ZJMineTableViewCell.h */ = {isa = PBXFileReference; fileEncoding = 4; lastKnownFileType = sourcecode.c.h; path = ZJMineTableViewCell.h; sourceTree = "<group>"; };
		BF04B5B6224A4B4A00ECB8E9 /* ZJMineTableViewCell.m */ = {isa = PBXFileReference; fileEncoding = 4; lastKnownFileType = sourcecode.c.objc; path = ZJMineTableViewCell.m; sourceTree = "<group>"; };
		BF04B5B8224A4B7600ECB8E9 /* ZJMineModel.m */ = {isa = PBXFileReference; fileEncoding = 4; lastKnownFileType = sourcecode.c.objc; path = ZJMineModel.m; sourceTree = "<group>"; };
		BF04B5B9224A4B7600ECB8E9 /* ZJMineModel.h */ = {isa = PBXFileReference; fileEncoding = 4; lastKnownFileType = sourcecode.c.h; path = ZJMineModel.h; sourceTree = "<group>"; };
		BF04B5BB224A4B7F00ECB8E9 /* Mine.plist */ = {isa = PBXFileReference; fileEncoding = 4; lastKnownFileType = text.plist.xml; path = Mine.plist; sourceTree = "<group>"; };
		BF04B5E2224A4C5B00ECB8E9 /* ZJHeaderView.h */ = {isa = PBXFileReference; fileEncoding = 4; lastKnownFileType = sourcecode.c.h; path = ZJHeaderView.h; sourceTree = "<group>"; };
		BF04B5E3224A4C5B00ECB8E9 /* ZJHeaderView.m */ = {isa = PBXFileReference; fileEncoding = 4; lastKnownFileType = sourcecode.c.objc; path = ZJHeaderView.m; sourceTree = "<group>"; };
		BF04B60E224A4E9100ECB8E9 /* ZJNewsViewController.h */ = {isa = PBXFileReference; lastKnownFileType = sourcecode.c.h; path = ZJNewsViewController.h; sourceTree = "<group>"; };
		BF04B60F224A4E9100ECB8E9 /* ZJNewsViewController.m */ = {isa = PBXFileReference; lastKnownFileType = sourcecode.c.objc; path = ZJNewsViewController.m; sourceTree = "<group>"; };
		BF04B611224A597C00ECB8E9 /* ZJJobsView.h */ = {isa = PBXFileReference; lastKnownFileType = sourcecode.c.h; path = ZJJobsView.h; sourceTree = "<group>"; };
		BF04B612224A597C00ECB8E9 /* ZJJobsView.m */ = {isa = PBXFileReference; lastKnownFileType = sourcecode.c.objc; path = ZJJobsView.m; sourceTree = "<group>"; };
		BF04B614224A5B2A00ECB8E9 /* ZJHomeJobsCell.h */ = {isa = PBXFileReference; lastKnownFileType = sourcecode.c.h; path = ZJHomeJobsCell.h; sourceTree = "<group>"; };
		BF04B615224A5B2A00ECB8E9 /* ZJHomeJobsCell.m */ = {isa = PBXFileReference; lastKnownFileType = sourcecode.c.objc; path = ZJHomeJobsCell.m; sourceTree = "<group>"; };
		BF04B617224B61AE00ECB8E9 /* ZJHomeHeaderView.h */ = {isa = PBXFileReference; lastKnownFileType = sourcecode.c.h; path = ZJHomeHeaderView.h; sourceTree = "<group>"; };
		BF04B618224B61AE00ECB8E9 /* ZJHomeHeaderView.m */ = {isa = PBXFileReference; lastKnownFileType = sourcecode.c.objc; path = ZJHomeHeaderView.m; sourceTree = "<group>"; };
		BF04B61A224B629700ECB8E9 /* Constants.h */ = {isa = PBXFileReference; lastKnownFileType = sourcecode.c.h; path = Constants.h; sourceTree = "<group>"; };
		BF04B62E224F90D200ECB8E9 /* ZJNewsModel.h */ = {isa = PBXFileReference; lastKnownFileType = sourcecode.c.h; path = ZJNewsModel.h; sourceTree = "<group>"; };
		BF04B62F224F90D200ECB8E9 /* ZJNewsModel.m */ = {isa = PBXFileReference; lastKnownFileType = sourcecode.c.objc; path = ZJNewsModel.m; sourceTree = "<group>"; };
		BF04B631224F91CF00ECB8E9 /* news.plist */ = {isa = PBXFileReference; fileEncoding = 4; lastKnownFileType = text.plist.xml; path = news.plist; sourceTree = "<group>"; };
		BF04B636224F930200ECB8E9 /* ZJNewsCell.h */ = {isa = PBXFileReference; lastKnownFileType = sourcecode.c.h; path = ZJNewsCell.h; sourceTree = "<group>"; };
		BF04B637224F930200ECB8E9 /* ZJNewsCell.m */ = {isa = PBXFileReference; lastKnownFileType = sourcecode.c.objc; path = ZJNewsCell.m; sourceTree = "<group>"; };
		BF04B638224F930200ECB8E9 /* ZJNewsCell.xib */ = {isa = PBXFileReference; lastKnownFileType = file.xib; path = ZJNewsCell.xib; sourceTree = "<group>"; };
		BF04B63B224FACEF00ECB8E9 /* jobs.plist */ = {isa = PBXFileReference; fileEncoding = 4; lastKnownFileType = text.plist.xml; path = jobs.plist; sourceTree = "<group>"; };
		BF04B63D224FAD1700ECB8E9 /* ZJJobsModel.h */ = {isa = PBXFileReference; lastKnownFileType = sourcecode.c.h; path = ZJJobsModel.h; sourceTree = "<group>"; };
		BF04B63E224FAD1700ECB8E9 /* ZJJobsModel.m */ = {isa = PBXFileReference; lastKnownFileType = sourcecode.c.objc; path = ZJJobsModel.m; sourceTree = "<group>"; };
		BF04B640224FADEC00ECB8E9 /* ZJJobsCell.h */ = {isa = PBXFileReference; lastKnownFileType = sourcecode.c.h; path = ZJJobsCell.h; sourceTree = "<group>"; };
		BF04B641224FADEC00ECB8E9 /* ZJJobsCell.m */ = {isa = PBXFileReference; lastKnownFileType = sourcecode.c.objc; path = ZJJobsCell.m; sourceTree = "<group>"; };
		BF04B642224FADEC00ECB8E9 /* ZJJobsCell.xib */ = {isa = PBXFileReference; lastKnownFileType = file.xib; path = ZJJobsCell.xib; sourceTree = "<group>"; };
		BF04B64522504C1C00ECB8E9 /* ZJJobHeadView.h */ = {isa = PBXFileReference; lastKnownFileType = sourcecode.c.h; path = ZJJobHeadView.h; sourceTree = "<group>"; };
		BF04B64622504C1C00ECB8E9 /* ZJJobHeadView.m */ = {isa = PBXFileReference; lastKnownFileType = sourcecode.c.objc; path = ZJJobHeadView.m; sourceTree = "<group>"; };
		BF04B6482250592100ECB8E9 /* ZJHomeNewsCell.h */ = {isa = PBXFileReference; lastKnownFileType = sourcecode.c.h; path = ZJHomeNewsCell.h; sourceTree = "<group>"; };
		BF04B6492250592100ECB8E9 /* ZJHomeNewsCell.m */ = {isa = PBXFileReference; lastKnownFileType = sourcecode.c.objc; path = ZJHomeNewsCell.m; sourceTree = "<group>"; };
		BF04B64B22505B5C00ECB8E9 /* ZJHomeNewsCell.xib */ = {isa = PBXFileReference; lastKnownFileType = file.xib; path = ZJHomeNewsCell.xib; sourceTree = "<group>"; };
		BF04B6502250656000ECB8E9 /* ZJJobsSearchViewController.xib */ = {isa = PBXFileReference; lastKnownFileType = file.xib; path = ZJJobsSearchViewController.xib; sourceTree = "<group>"; };
		BF04B6552250A1EA00ECB8E9 /* ZJJobsSearchViewController.h */ = {isa = PBXFileReference; lastKnownFileType = sourcecode.c.h; path = ZJJobsSearchViewController.h; sourceTree = "<group>"; };
		BF04B6562250A1EA00ECB8E9 /* ZJJobsSearchViewController.m */ = {isa = PBXFileReference; lastKnownFileType = sourcecode.c.objc; path = ZJJobsSearchViewController.m; sourceTree = "<group>"; };
		BF04B65A2250AA3F00ECB8E9 /* ZJJobsSearchLabel.h */ = {isa = PBXFileReference; lastKnownFileType = sourcecode.c.h; path = ZJJobsSearchLabel.h; sourceTree = "<group>"; };
		BF04B65B2250AA3F00ECB8E9 /* ZJJobsSearchLabel.m */ = {isa = PBXFileReference; lastKnownFileType = sourcecode.c.objc; path = ZJJobsSearchLabel.m; sourceTree = "<group>"; };
		BF2BE200224A3D9A00052C67 /* 三创赛.app */ = {isa = PBXFileReference; explicitFileType = wrapper.application; includeInIndex = 0; path = "三创赛.app"; sourceTree = BUILT_PRODUCTS_DIR; };
		BF2BE20C224A3DA400052C67 /* Assets.xcassets */ = {isa = PBXFileReference; lastKnownFileType = folder.assetcatalog; path = Assets.xcassets; sourceTree = "<group>"; };
		BF2BE20F224A3DA400052C67 /* Base */ = {isa = PBXFileReference; lastKnownFileType = file.storyboard; name = Base; path = Base.lproj/LaunchScreen.storyboard; sourceTree = "<group>"; };
		BF2BE211224A3DA400052C67 /* Info.plist */ = {isa = PBXFileReference; lastKnownFileType = text.plist.xml; path = Info.plist; sourceTree = "<group>"; };
/* End PBXFileReference section */

/* Begin PBXFrameworksBuildPhase section */
		BF2BE1FD224A3D9A00052C67 /* Frameworks */ = {
			isa = PBXFrameworksBuildPhase;
			buildActionMask = 2147483647;
			files = (
				E2F5AA77AC18FD5D537BCE7B /* libPods-三创赛.a in Frameworks */,
			);
			runOnlyForDeploymentPostprocessing = 0;
		};
/* End PBXFrameworksBuildPhase section */

/* Begin PBXGroup section */
		BF04B58C224A489900ECB8E9 /* Classes */ = {
			isa = PBXGroup;
			children = (
				BF04B58D224A489900ECB8E9 /* Home */,
				BF04B591224A489900ECB8E9 /* Jobs */,
				BF04B595224A489900ECB8E9 /* Main */,
				BF04B59B224A489900ECB8E9 /* Mine */,
				BF04B59F224A489900ECB8E9 /* News */,
				BF04B5A3224A489900ECB8E9 /* Other */,
			);
			path = Classes;
			sourceTree = "<group>";
		};
		BF04B58D224A489900ECB8E9 /* Home */ = {
			isa = PBXGroup;
			children = (
				BF04B58E224A489900ECB8E9 /* Controller */,
				BF04B58F224A489900ECB8E9 /* Model */,
				BF04B590224A489900ECB8E9 /* View */,
			);
			path = Home;
			sourceTree = "<group>";
		};
		BF04B58E224A489900ECB8E9 /* Controller */ = {
			isa = PBXGroup;
			children = (
				BF04B5AC224A48E800ECB8E9 /* ZJMainViewController.h */,
				BF04B5AD224A48E800ECB8E9 /* ZJMainViewController.m */,
			);
			path = Controller;
			sourceTree = "<group>";
		};
		BF04B58F224A489900ECB8E9 /* Model */ = {
			isa = PBXGroup;
			children = (
				BF04B614224A5B2A00ECB8E9 /* ZJHomeJobsCell.h */,
				BF04B615224A5B2A00ECB8E9 /* ZJHomeJobsCell.m */,
				BF04B6482250592100ECB8E9 /* ZJHomeNewsCell.h */,
				BF04B6492250592100ECB8E9 /* ZJHomeNewsCell.m */,
				BF04B64B22505B5C00ECB8E9 /* ZJHomeNewsCell.xib */,
			);
			path = Model;
			sourceTree = "<group>";
		};
		BF04B590224A489900ECB8E9 /* View */ = {
			isa = PBXGroup;
			children = (
				BF04B611224A597C00ECB8E9 /* ZJJobsView.h */,
				BF04B612224A597C00ECB8E9 /* ZJJobsView.m */,
				BF04B617224B61AE00ECB8E9 /* ZJHomeHeaderView.h */,
				BF04B618224B61AE00ECB8E9 /* ZJHomeHeaderView.m */,
			);
			path = View;
			sourceTree = "<group>";
		};
		BF04B591224A489900ECB8E9 /* Jobs */ = {
			isa = PBXGroup;
			children = (
				BF04B63B224FACEF00ECB8E9 /* jobs.plist */,
				BF04B592224A489900ECB8E9 /* Controller */,
				BF04B593224A489900ECB8E9 /* Model */,
				BF04B594224A489900ECB8E9 /* View */,
			);
			path = Jobs;
			sourceTree = "<group>";
		};
		BF04B592224A489900ECB8E9 /* Controller */ = {
			isa = PBXGroup;
			children = (
				BF04B5B2224A4A4C00ECB8E9 /* ZJJobsViewController.h */,
				BF04B5B3224A4A4C00ECB8E9 /* ZJJobsViewController.m */,
				BF04B6552250A1EA00ECB8E9 /* ZJJobsSearchViewController.h */,
				BF04B6562250A1EA00ECB8E9 /* ZJJobsSearchViewController.m */,
				BF04B6502250656000ECB8E9 /* ZJJobsSearchViewController.xib */,
			);
			path = Controller;
			sourceTree = "<group>";
		};
		BF04B593224A489900ECB8E9 /* Model */ = {
			isa = PBXGroup;
			children = (
				BF04B63D224FAD1700ECB8E9 /* ZJJobsModel.h */,
				BF04B63E224FAD1700ECB8E9 /* ZJJobsModel.m */,
				BF04B65A2250AA3F00ECB8E9 /* ZJJobsSearchLabel.h */,
				BF04B65B2250AA3F00ECB8E9 /* ZJJobsSearchLabel.m */,
			);
			path = Model;
			sourceTree = "<group>";
		};
		BF04B594224A489900ECB8E9 /* View */ = {
			isa = PBXGroup;
			children = (
				BF04B640224FADEC00ECB8E9 /* ZJJobsCell.h */,
				BF04B641224FADEC00ECB8E9 /* ZJJobsCell.m */,
				BF04B642224FADEC00ECB8E9 /* ZJJobsCell.xib */,
				BF04B64522504C1C00ECB8E9 /* ZJJobHeadView.h */,
				BF04B64622504C1C00ECB8E9 /* ZJJobHeadView.m */,
			);
			path = View;
			sourceTree = "<group>";
		};
		BF04B595224A489900ECB8E9 /* Main */ = {
			isa = PBXGroup;
			children = (
				BF04B596224A489900ECB8E9 /* Controller */,
			);
			path = Main;
			sourceTree = "<group>";
		};
		BF04B596224A489900ECB8E9 /* Controller */ = {
			isa = PBXGroup;
			children = (
				BF04B597224A489900ECB8E9 /* ZJNavigationController.h */,
				BF04B598224A489900ECB8E9 /* ZJNavigationController.m */,
				BF04B599224A489900ECB8E9 /* ZJTabBarController.h */,
				BF04B59A224A489900ECB8E9 /* ZJTabBarController.m */,
			);
			path = Controller;
			sourceTree = "<group>";
		};
		BF04B59B224A489900ECB8E9 /* Mine */ = {
			isa = PBXGroup;
			children = (
				BF04B5BB224A4B7F00ECB8E9 /* Mine.plist */,
				BF04B59C224A489900ECB8E9 /* Controller */,
				BF04B59D224A489900ECB8E9 /* Model */,
				BF04B59E224A489900ECB8E9 /* View */,
			);
			path = Mine;
			sourceTree = "<group>";
		};
		BF04B59C224A489900ECB8E9 /* Controller */ = {
			isa = PBXGroup;
			children = (
				BF04B5AF224A491700ECB8E9 /* ZJMineViewController.h */,
				BF04B5B0224A491700ECB8E9 /* ZJMineViewController.m */,
			);
			path = Controller;
			sourceTree = "<group>";
		};
		BF04B59D224A489900ECB8E9 /* Model */ = {
			isa = PBXGroup;
			children = (
				BF04B5B9224A4B7600ECB8E9 /* ZJMineModel.h */,
				BF04B5B8224A4B7600ECB8E9 /* ZJMineModel.m */,
			);
			path = Model;
			sourceTree = "<group>";
		};
		BF04B59E224A489900ECB8E9 /* View */ = {
			isa = PBXGroup;
			children = (
				BF04B5E2224A4C5B00ECB8E9 /* ZJHeaderView.h */,
				BF04B5E3224A4C5B00ECB8E9 /* ZJHeaderView.m */,
				BF04B5B5224A4B4A00ECB8E9 /* ZJMineTableViewCell.h */,
				BF04B5B6224A4B4A00ECB8E9 /* ZJMineTableViewCell.m */,
			);
			path = View;
			sourceTree = "<group>";
		};
		BF04B59F224A489900ECB8E9 /* News */ = {
			isa = PBXGroup;
			children = (
				BF04B631224F91CF00ECB8E9 /* news.plist */,
				BF04B5A0224A489900ECB8E9 /* Controller */,
				BF04B5A1224A489900ECB8E9 /* Model */,
				BF04B5A2224A489900ECB8E9 /* View */,
			);
			path = News;
			sourceTree = "<group>";
		};
		BF04B5A0224A489900ECB8E9 /* Controller */ = {
			isa = PBXGroup;
			children = (
				BF04B60E224A4E9100ECB8E9 /* ZJNewsViewController.h */,
				BF04B60F224A4E9100ECB8E9 /* ZJNewsViewController.m */,
			);
			path = Controller;
			sourceTree = "<group>";
		};
		BF04B5A1224A489900ECB8E9 /* Model */ = {
			isa = PBXGroup;
			children = (
				BF04B62E224F90D200ECB8E9 /* ZJNewsModel.h */,
				BF04B62F224F90D200ECB8E9 /* ZJNewsModel.m */,
			);
			path = Model;
			sourceTree = "<group>";
		};
		BF04B5A2224A489900ECB8E9 /* View */ = {
			isa = PBXGroup;
			children = (
				BF04B636224F930200ECB8E9 /* ZJNewsCell.h */,
				BF04B637224F930200ECB8E9 /* ZJNewsCell.m */,
				BF04B638224F930200ECB8E9 /* ZJNewsCell.xib */,
			);
			path = View;
			sourceTree = "<group>";
		};
		BF04B5A3224A489900ECB8E9 /* Other */ = {
			isa = PBXGroup;
			children = (
				BF04B5A4224A489900ECB8E9 /* AppDelegate.h */,
				BF04B5A5224A489900ECB8E9 /* AppDelegate.m */,
				BF04B5A6224A489900ECB8E9 /* Category */,
				BF04B5A7224A489900ECB8E9 /* main.m */,
				BF04B61A224B629700ECB8E9 /* Constants.h */,
			);
			path = Other;
			sourceTree = "<group>";
		};
		BF04B5A6224A489900ECB8E9 /* Category */ = {
			isa = PBXGroup;
			children = (
			);
			path = Category;
			sourceTree = "<group>";
		};
		BF2BE1F7224A3D9A00052C67 = {
			isa = PBXGroup;
			children = (
				BF2BE202224A3D9A00052C67 /* 三创赛 */,
				BF2BE201224A3D9A00052C67 /* Products */,
				C44FF4E50F38C973341AAD28 /* Pods */,
				CD4DCBBE64093B850D6EB9F2 /* Frameworks */,
			);
			sourceTree = "<group>";
		};
		BF2BE201224A3D9A00052C67 /* Products */ = {
			isa = PBXGroup;
			children = (
				BF2BE200224A3D9A00052C67 /* 三创赛.app */,
			);
			name = Products;
			sourceTree = "<group>";
		};
		BF2BE202224A3D9A00052C67 /* 三创赛 */ = {
			isa = PBXGroup;
			children = (
				BF04B58C224A489900ECB8E9 /* Classes */,
				BF2BE20C224A3DA400052C67 /* Assets.xcassets */,
				BF2BE20E224A3DA400052C67 /* LaunchScreen.storyboard */,
				BF2BE211224A3DA400052C67 /* Info.plist */,
			);
			path = "三创赛";
			sourceTree = "<group>";
		};
		C44FF4E50F38C973341AAD28 /* Pods */ = {
			isa = PBXGroup;
			children = (
				AD22D0C215A03BC8F8BCE330 /* Pods-三创赛.debug.xcconfig */,
				2F99537D28B791D15FF40B9A /* Pods-三创赛.release.xcconfig */,
			);
			path = Pods;
			sourceTree = "<group>";
		};
		CD4DCBBE64093B850D6EB9F2 /* Frameworks */ = {
			isa = PBXGroup;
			children = (
				08D8C5C40FDFFA932365F2CD /* libPods-三创赛.a */,
			);
			name = Frameworks;
			sourceTree = "<group>";
		};
/* End PBXGroup section */

/* Begin PBXNativeTarget section */
		BF2BE1FF224A3D9A00052C67 /* 三创赛 */ = {
			isa = PBXNativeTarget;
			buildConfigurationList = BF2BE216224A3DA400052C67 /* Build configuration list for PBXNativeTarget "三创赛" */;
			buildPhases = (
				B3352242D18D05E032CC286F /* [CP] Check Pods Manifest.lock */,
				BF2BE1FC224A3D9A00052C67 /* Sources */,
				BF2BE1FD224A3D9A00052C67 /* Frameworks */,
				BF2BE1FE224A3D9A00052C67 /* Resources */,
				B37736A105BB6392FDDFF85B /* [CP] Copy Pods Resources */,
			);
			buildRules = (
			);
			dependencies = (
			);
			name = "三创赛";
			productName = "三创赛";
			productReference = BF2BE200224A3D9A00052C67 /* 三创赛.app */;
			productType = "com.apple.product-type.application";
		};
/* End PBXNativeTarget section */

/* Begin PBXProject section */
		BF2BE1F8224A3D9A00052C67 /* Project object */ = {
			isa = PBXProject;
			attributes = {
				LastUpgradeCheck = 1010;
				ORGANIZATIONNAME = zhangjun;
				TargetAttributes = {
					BF2BE1FF224A3D9A00052C67 = {
						CreatedOnToolsVersion = 10.1;
					};
				};
			};
			buildConfigurationList = BF2BE1FB224A3D9A00052C67 /* Build configuration list for PBXProject "三创赛" */;
			compatibilityVersion = "Xcode 9.3";
			developmentRegion = en;
			hasScannedForEncodings = 0;
			knownRegions = (
				en,
				Base,
			);
			mainGroup = BF2BE1F7224A3D9A00052C67;
			productRefGroup = BF2BE201224A3D9A00052C67 /* Products */;
			projectDirPath = "";
			projectRoot = "";
			targets = (
				BF2BE1FF224A3D9A00052C67 /* 三创赛 */,
			);
		};
/* End PBXProject section */

/* Begin PBXResourcesBuildPhase section */
		BF2BE1FE224A3D9A00052C67 /* Resources */ = {
			isa = PBXResourcesBuildPhase;
			buildActionMask = 2147483647;
			files = (
				BF2BE210224A3DA400052C67 /* LaunchScreen.storyboard in Resources */,
				BF04B632224F91CF00ECB8E9 /* news.plist in Resources */,
				BF04B6512250656000ECB8E9 /* ZJJobsSearchViewController.xib in Resources */,
				BF2BE20D224A3DA400052C67 /* Assets.xcassets in Resources */,
				BF04B63A224F930200ECB8E9 /* ZJNewsCell.xib in Resources */,
				BF04B63C224FACEF00ECB8E9 /* jobs.plist in Resources */,
				BF04B64C22505B5C00ECB8E9 /* ZJHomeNewsCell.xib in Resources */,
				BF04B644224FADEC00ECB8E9 /* ZJJobsCell.xib in Resources */,
				BF04B5BC224A4B7F00ECB8E9 /* Mine.plist in Resources */,
			);
			runOnlyForDeploymentPostprocessing = 0;
		};
/* End PBXResourcesBuildPhase section */

/* Begin PBXShellScriptBuildPhase section */
		B3352242D18D05E032CC286F /* [CP] Check Pods Manifest.lock */ = {
			isa = PBXShellScriptBuildPhase;
			buildActionMask = 2147483647;
			files = (
			);
			inputFileListPaths = (
			);
			inputPaths = (
				"${PODS_PODFILE_DIR_PATH}/Podfile.lock",
				"${PODS_ROOT}/Manifest.lock",
			);
			name = "[CP] Check Pods Manifest.lock";
			outputFileListPaths = (
			);
			outputPaths = (
				"$(DERIVED_FILE_DIR)/Pods-三创赛-checkManifestLockResult.txt",
			);
			runOnlyForDeploymentPostprocessing = 0;
			shellPath = /bin/sh;
			shellScript = "diff \"${PODS_PODFILE_DIR_PATH}/Podfile.lock\" \"${PODS_ROOT}/Manifest.lock\" > /dev/null\nif [ $? != 0 ] ; then\n    # print error to STDERR\n    echo \"error: The sandbox is not in sync with the Podfile.lock. Run 'pod install' or update your CocoaPods installation.\" >&2\n    exit 1\nfi\n# This output is used by Xcode 'outputs' to avoid re-running this script phase.\necho \"SUCCESS\" > \"${SCRIPT_OUTPUT_FILE_0}\"\n";
			showEnvVarsInLog = 0;
		};
		B37736A105BB6392FDDFF85B /* [CP] Copy Pods Resources */ = {
			isa = PBXShellScriptBuildPhase;
			buildActionMask = 2147483647;
			files = (
			);
			inputFileListPaths = (
			);
			inputPaths = (
				"${PODS_ROOT}/Target Support Files/Pods-三创赛/Pods-三创赛-resources.sh",
				"${PODS_ROOT}/SVProgressHUD/SVProgressHUD/SVProgressHUD.bundle",
			);
			name = "[CP] Copy Pods Resources";
			outputFileListPaths = (
			);
			outputPaths = (
				"${TARGET_BUILD_DIR}/${UNLOCALIZED_RESOURCES_FOLDER_PATH}/SVProgressHUD.bundle",
			);
			runOnlyForDeploymentPostprocessing = 0;
			shellPath = /bin/sh;
			shellScript = "\"${PODS_ROOT}/Target Support Files/Pods-三创赛/Pods-三创赛-resources.sh\"\n";
			showEnvVarsInLog = 0;
		};
/* End PBXShellScriptBuildPhase section */

/* Begin PBXSourcesBuildPhase section */
		BF2BE1FC224A3D9A00052C67 /* Sources */ = {
			isa = PBXSourcesBuildPhase;
			buildActionMask = 2147483647;
			files = (
				BF04B6582250A1EA00ECB8E9 /* ZJJobsSearchViewController.m in Sources */,
				BF04B619224B61AE00ECB8E9 /* ZJHomeHeaderView.m in Sources */,
				BF04B64A2250592100ECB8E9 /* ZJHomeNewsCell.m in Sources */,
				BF04B643224FADEC00ECB8E9 /* ZJJobsCell.m in Sources */,
				BF04B5BA224A4B7600ECB8E9 /* ZJMineModel.m in Sources */,
				BF04B5A8224A489900ECB8E9 /* ZJNavigationController.m in Sources */,
				BF04B65C2250AA3F00ECB8E9 /* ZJJobsSearchLabel.m in Sources */,
				BF04B63F224FAD1800ECB8E9 /* ZJJobsModel.m in Sources */,
				BF04B616224A5B2A00ECB8E9 /* ZJHomeJobsCell.m in Sources */,
				BF04B630224F90D200ECB8E9 /* ZJNewsModel.m in Sources */,
				BF04B5B4224A4A4C00ECB8E9 /* ZJJobsViewController.m in Sources */,
				BF04B5B1224A491700ECB8E9 /* ZJMineViewController.m in Sources */,
				BF04B610224A4E9100ECB8E9 /* ZJNewsViewController.m in Sources */,
				BF04B639224F930200ECB8E9 /* ZJNewsCell.m in Sources */,
				BF04B5A9224A489900ECB8E9 /* ZJTabBarController.m in Sources */,
				BF04B64722504C1C00ECB8E9 /* ZJJobHeadView.m in Sources */,
				BF04B5B7224A4B4A00ECB8E9 /* ZJMineTableViewCell.m in Sources */,
				BF04B613224A597C00ECB8E9 /* ZJJobsView.m in Sources */,
				BF04B5E4224A4C5B00ECB8E9 /* ZJHeaderView.m in Sources */,
				BF04B5AE224A48E800ECB8E9 /* ZJMainViewController.m in Sources */,
				BF04B5AB224A489900ECB8E9 /* main.m in Sources */,
				BF04B5AA224A489900ECB8E9 /* AppDelegate.m in Sources */,
			);
			runOnlyForDeploymentPostprocessing = 0;
		};
/* End PBXSourcesBuildPhase section */

/* Begin PBXVariantGroup section */
		BF2BE20E224A3DA400052C67 /* LaunchScreen.storyboard */ = {
			isa = PBXVariantGroup;
			children = (
				BF2BE20F224A3DA400052C67 /* Base */,
			);
			name = LaunchScreen.storyboard;
			sourceTree = "<group>";
		};
/* End PBXVariantGroup section */

/* Begin XCBuildConfiguration section */
		BF2BE214224A3DA400052C67 /* Debug */ = {
			isa = XCBuildConfiguration;
			buildSettings = {
				ALWAYS_SEARCH_USER_PATHS = NO;
				CLANG_ANALYZER_NONNULL = YES;
				CLANG_ANALYZER_NUMBER_OBJECT_CONVERSION = YES_AGGRESSIVE;
				CLANG_CXX_LANGUAGE_STANDARD = "gnu++14";
				CLANG_CXX_LIBRARY = "libc++";
				CLANG_ENABLE_MODULES = YES;
				CLANG_ENABLE_OBJC_ARC = YES;
				CLANG_ENABLE_OBJC_WEAK = YES;
				CLANG_WARN_BLOCK_CAPTURE_AUTORELEASING = YES;
				CLANG_WARN_BOOL_CONVERSION = YES;
				CLANG_WARN_COMMA = YES;
				CLANG_WARN_CONSTANT_CONVERSION = YES;
				CLANG_WARN_DEPRECATED_OBJC_IMPLEMENTATIONS = YES;
				CLANG_WARN_DIRECT_OBJC_ISA_USAGE = YES_ERROR;
				CLANG_WARN_DOCUMENTATION_COMMENTS = YES;
				CLANG_WARN_EMPTY_BODY = YES;
				CLANG_WARN_ENUM_CONVERSION = YES;
				CLANG_WARN_INFINITE_RECURSION = YES;
				CLANG_WARN_INT_CONVERSION = YES;
				CLANG_WARN_NON_LITERAL_NULL_CONVERSION = YES;
				CLANG_WARN_OBJC_IMPLICIT_RETAIN_SELF = YES;
				CLANG_WARN_OBJC_LITERAL_CONVERSION = YES;
				CLANG_WARN_OBJC_ROOT_CLASS = YES_ERROR;
				CLANG_WARN_RANGE_LOOP_ANALYSIS = YES;
				CLANG_WARN_STRICT_PROTOTYPES = YES;
				CLANG_WARN_SUSPICIOUS_MOVE = YES;
				CLANG_WARN_UNGUARDED_AVAILABILITY = YES_AGGRESSIVE;
				CLANG_WARN_UNREACHABLE_CODE = YES;
				CLANG_WARN__DUPLICATE_METHOD_MATCH = YES;
				CODE_SIGN_IDENTITY = "iPhone Developer";
				COPY_PHASE_STRIP = NO;
				DEBUG_INFORMATION_FORMAT = dwarf;
				ENABLE_STRICT_OBJC_MSGSEND = YES;
				ENABLE_TESTABILITY = YES;
				GCC_C_LANGUAGE_STANDARD = gnu11;
				GCC_DYNAMIC_NO_PIC = NO;
				GCC_NO_COMMON_BLOCKS = YES;
				GCC_OPTIMIZATION_LEVEL = 0;
				GCC_PREPROCESSOR_DEFINITIONS = (
					"DEBUG=1",
					"$(inherited)",
				);
				GCC_WARN_64_TO_32_BIT_CONVERSION = YES;
				GCC_WARN_ABOUT_RETURN_TYPE = YES_ERROR;
				GCC_WARN_UNDECLARED_SELECTOR = YES;
				GCC_WARN_UNINITIALIZED_AUTOS = YES_AGGRESSIVE;
				GCC_WARN_UNUSED_FUNCTION = YES;
				GCC_WARN_UNUSED_VARIABLE = YES;
				IPHONEOS_DEPLOYMENT_TARGET = 12.1;
				MTL_ENABLE_DEBUG_INFO = INCLUDE_SOURCE;
				MTL_FAST_MATH = YES;
				ONLY_ACTIVE_ARCH = YES;
				SDKROOT = iphoneos;
			};
			name = Debug;
		};
		BF2BE215224A3DA400052C67 /* Release */ = {
			isa = XCBuildConfiguration;
			buildSettings = {
				ALWAYS_SEARCH_USER_PATHS = NO;
				CLANG_ANALYZER_NONNULL = YES;
				CLANG_ANALYZER_NUMBER_OBJECT_CONVERSION = YES_AGGRESSIVE;
				CLANG_CXX_LANGUAGE_STANDARD = "gnu++14";
				CLANG_CXX_LIBRARY = "libc++";
				CLANG_ENABLE_MODULES = YES;
				CLANG_ENABLE_OBJC_ARC = YES;
				CLANG_ENABLE_OBJC_WEAK = YES;
				CLANG_WARN_BLOCK_CAPTURE_AUTORELEASING = YES;
				CLANG_WARN_BOOL_CONVERSION = YES;
				CLANG_WARN_COMMA = YES;
				CLANG_WARN_CONSTANT_CONVERSION = YES;
				CLANG_WARN_DEPRECATED_OBJC_IMPLEMENTATIONS = YES;
				CLANG_WARN_DIRECT_OBJC_ISA_USAGE = YES_ERROR;
				CLANG_WARN_DOCUMENTATION_COMMENTS = YES;
				CLANG_WARN_EMPTY_BODY = YES;
				CLANG_WARN_ENUM_CONVERSION = YES;
				CLANG_WARN_INFINITE_RECURSION = YES;
				CLANG_WARN_INT_CONVERSION = YES;
				CLANG_WARN_NON_LITERAL_NULL_CONVERSION = YES;
				CLANG_WARN_OBJC_IMPLICIT_RETAIN_SELF = YES;
				CLANG_WARN_OBJC_LITERAL_CONVERSION = YES;
				CLANG_WARN_OBJC_ROOT_CLASS = YES_ERROR;
				CLANG_WARN_RANGE_LOOP_ANALYSIS = YES;
				CLANG_WARN_STRICT_PROTOTYPES = YES;
				CLANG_WARN_SUSPICIOUS_MOVE = YES;
				CLANG_WARN_UNGUARDED_AVAILABILITY = YES_AGGRESSIVE;
				CLANG_WARN_UNREACHABLE_CODE = YES;
				CLANG_WARN__DUPLICATE_METHOD_MATCH = YES;
				CODE_SIGN_IDENTITY = "iPhone Developer";
				COPY_PHASE_STRIP = NO;
				DEBUG_INFORMATION_FORMAT = "dwarf-with-dsym";
				ENABLE_NS_ASSERTIONS = NO;
				ENABLE_STRICT_OBJC_MSGSEND = YES;
				GCC_C_LANGUAGE_STANDARD = gnu11;
				GCC_NO_COMMON_BLOCKS = YES;
				GCC_WARN_64_TO_32_BIT_CONVERSION = YES;
				GCC_WARN_ABOUT_RETURN_TYPE = YES_ERROR;
				GCC_WARN_UNDECLARED_SELECTOR = YES;
				GCC_WARN_UNINITIALIZED_AUTOS = YES_AGGRESSIVE;
				GCC_WARN_UNUSED_FUNCTION = YES;
				GCC_WARN_UNUSED_VARIABLE = YES;
				IPHONEOS_DEPLOYMENT_TARGET = 12.1;
				MTL_ENABLE_DEBUG_INFO = NO;
				MTL_FAST_MATH = YES;
				SDKROOT = iphoneos;
				VALIDATE_PRODUCT = YES;
			};
			name = Release;
		};
		BF2BE217224A3DA400052C67 /* Debug */ = {
			isa = XCBuildConfiguration;
			baseConfigurationReference = AD22D0C215A03BC8F8BCE330 /* Pods-三创赛.debug.xcconfig */;
			buildSettings = {
				ASSETCATALOG_COMPILER_APPICON_NAME = AppIcon;
				CODE_SIGN_STYLE = Automatic;
				INFOPLIST_FILE = "三创赛/Info.plist";
				LD_RUNPATH_SEARCH_PATHS = (
					"$(inherited)",
					"@executable_path/Frameworks",
				);
				PRODUCT_BUNDLE_IDENTIFIER = "junzhang.---";
				PRODUCT_NAME = "$(TARGET_NAME)";
				TARGETED_DEVICE_FAMILY = "1,2";
			};
			name = Debug;
		};
		BF2BE218224A3DA400052C67 /* Release */ = {
			isa = XCBuildConfiguration;
			baseConfigurationReference = 2F99537D28B791D15FF40B9A /* Pods-三创赛.release.xcconfig */;
			buildSettings = {
				ASSETCATALOG_COMPILER_APPICON_NAME = AppIcon;
				CODE_SIGN_STYLE = Automatic;
				INFOPLIST_FILE = "三创赛/Info.plist";
				LD_RUNPATH_SEARCH_PATHS = (
					"$(inherited)",
					"@executable_path/Frameworks",
				);
				PRODUCT_BUNDLE_IDENTIFIER = "junzhang.---";
				PRODUCT_NAME = "$(TARGET_NAME)";
				TARGETED_DEVICE_FAMILY = "1,2";
			};
			name = Release;
		};
/* End XCBuildConfiguration section */

/* Begin XCConfigurationList section */
		BF2BE1FB224A3D9A00052C67 /* Build configuration list for PBXProject "三创赛" */ = {
			isa = XCConfigurationList;
			buildConfigurations = (
				BF2BE214224A3DA400052C67 /* Debug */,
				BF2BE215224A3DA400052C67 /* Release */,
			);
			defaultConfigurationIsVisible = 0;
			defaultConfigurationName = Release;
		};
		BF2BE216224A3DA400052C67 /* Build configuration list for PBXNativeTarget "三创赛" */ = {
			isa = XCConfigurationList;
			buildConfigurations = (
				BF2BE217224A3DA400052C67 /* Debug */,
				BF2BE218224A3DA400052C67 /* Release */,
			);
			defaultConfigurationIsVisible = 0;
			defaultConfigurationName = Release;
		};
/* End XCConfigurationList section */
	};
	rootObject = BF2BE1F8224A3D9A00052C67 /* Project object */;
}
